// !$*UTF8*$!
{
	archiveVersion = 1;
	classes = {
	};
	objectVersion = 56;
	objects = {

/* Begin PBXBuildFile section */
		4D34CB7C2C41BD400022EE05 /* AppDelegate.swift in Sources */ = {isa = PBXBuildFile; fileRef = 4D34CB7B2C41BD400022EE05 /* AppDelegate.swift */; };
		4D34CB802C41BD430022EE05 /* Assets.xcassets in Resources */ = {isa = PBXBuildFile; fileRef = 4D34CB7F2C41BD430022EE05 /* Assets.xcassets */; };
		4D34CB832C41BD430022EE05 /* Base in Resources */ = {isa = PBXBuildFile; fileRef = 4D34CB822C41BD430022EE05 /* Base */; };
		4D34CB8F2C41BDB60022EE05 /* MainViewController.swift in Sources */ = {isa = PBXBuildFile; fileRef = 4D34CB8E2C41BDB60022EE05 /* MainViewController.swift */; };
		4D34CB932C41BDEE0022EE05 /* DisplayView.swift in Sources */ = {isa = PBXBuildFile; fileRef = 4D34CB922C41BDEE0022EE05 /* DisplayView.swift */; };
		4D34CB952C41BE020022EE05 /* Chip8.swift in Sources */ = {isa = PBXBuildFile; fileRef = 4D34CB942C41BE020022EE05 /* Chip8.swift */; };
		4D34CB992C41C2660022EE05 /* Utilities.swift in Sources */ = {isa = PBXBuildFile; fileRef = 4D34CB982C41C2660022EE05 /* Utilities.swift */; };
/* End PBXBuildFile section */

/* Begin PBXFileReference section */
		4D34CB782C41BD400022EE05 /* Chip8Interpreter.app */ = {isa = PBXFileReference; explicitFileType = wrapper.application; includeInIndex = 0; path = Chip8Interpreter.app; sourceTree = BUILT_PRODUCTS_DIR; };
		4D34CB7B2C41BD400022EE05 /* AppDelegate.swift */ = {isa = PBXFileReference; lastKnownFileType = sourcecode.swift; path = AppDelegate.swift; sourceTree = "<group>"; };
		4D34CB7F2C41BD430022EE05 /* Assets.xcassets */ = {isa = PBXFileReference; lastKnownFileType = folder.assetcatalog; path = Assets.xcassets; sourceTree = "<group>"; };
		4D34CB822C41BD430022EE05 /* Base */ = {isa = PBXFileReference; lastKnownFileType = file.storyboard; name = Base; path = Base.lproj/Main.storyboard; sourceTree = "<group>"; };
		4D34CB8E2C41BDB60022EE05 /* MainViewController.swift */ = {isa = PBXFileReference; lastKnownFileType = sourcecode.swift; path = MainViewController.swift; sourceTree = "<group>"; };
		4D34CB922C41BDEE0022EE05 /* DisplayView.swift */ = {isa = PBXFileReference; lastKnownFileType = sourcecode.swift; name = DisplayView.swift; path = Chip8Interpreter/DisplayView.swift; sourceTree = SOURCE_ROOT; };
		4D34CB942C41BE020022EE05 /* Chip8.swift */ = {isa = PBXFileReference; lastKnownFileType = sourcecode.swift; name = Chip8.swift; path = Chip8Interpreter/Chip8.swift; sourceTree = SOURCE_ROOT; };
		4D34CB982C41C2660022EE05 /* Utilities.swift */ = {isa = PBXFileReference; lastKnownFileType = sourcecode.swift; path = Utilities.swift; sourceTree = "<group>"; };
		4D34CB9A2C41E7040022EE05 /* README.md */ = {isa = PBXFileReference; lastKnownFileType = net.daringfireball.markdown; path = README.md; sourceTree = "<group>"; };
		4D34CB9B2C41EA7D0022EE05 /* LICENSE */ = {isa = PBXFileReference; lastKnownFileType = text; path = LICENSE; sourceTree = "<group>"; };
		4D34CB9D2C41EC0D0022EE05 /* Chip8Interpreter.entitlements */ = {isa = PBXFileReference; fileEncoding = 4; lastKnownFileType = text.plist.entitlements; path = Chip8Interpreter.entitlements; sourceTree = "<group>"; };
/* End PBXFileReference section */

/* Begin PBXFrameworksBuildPhase section */
		4D34CB752C41BD400022EE05 /* Frameworks */ = {
			isa = PBXFrameworksBuildPhase;
			buildActionMask = 2147483647;
			files = (
			);
			runOnlyForDeploymentPostprocessing = 0;
		};
/* End PBXFrameworksBuildPhase section */

/* Begin PBXGroup section */
		4D34CB6F2C41BD400022EE05 = {
			isa = PBXGroup;
			children = (
				4D34CB9B2C41EA7D0022EE05 /* LICENSE */,
				4D34CB9A2C41E7040022EE05 /* README.md */,
				4D34CB7A2C41BD400022EE05 /* Chip8Interpreter */,
				4D34CB792C41BD400022EE05 /* Products */,
			);
			sourceTree = "<group>";
		};
		4D34CB792C41BD400022EE05 /* Products */ = {
			isa = PBXGroup;
			children = (
				4D34CB782C41BD400022EE05 /* Chip8Interpreter.app */,
			);
			name = Products;
			sourceTree = "<group>";
		};
		4D34CB7A2C41BD400022EE05 /* Chip8Interpreter */ = {
			isa = PBXGroup;
			children = (
				4D34CB942C41BE020022EE05 /* Chip8.swift */,
				4D34CB922C41BDEE0022EE05 /* DisplayView.swift */,
				4D34CB982C41C2660022EE05 /* Utilities.swift */,
				4D34CB7B2C41BD400022EE05 /* AppDelegate.swift */,
				4D34CB8E2C41BDB60022EE05 /* MainViewController.swift */,
				4D34CB9D2C41EC0D0022EE05 /* Chip8Interpreter.entitlements */,
				4D34CB9C2C41EAD10022EE05 /* Resources */,
			);
			path = Chip8Interpreter;
			sourceTree = "<group>";
		};
		4D34CB9C2C41EAD10022EE05 /* Resources */ = {
			isa = PBXGroup;
			children = (
				4D34CB7F2C41BD430022EE05 /* Assets.xcassets */,
				4D34CB812C41BD430022EE05 /* Main.storyboard */,
			);
			path = Resources;
			sourceTree = "<group>";
		};
/* End PBXGroup section */

/* Begin PBXNativeTarget section */
		4D34CB772C41BD400022EE05 /* Chip8Interpreter */ = {
			isa = PBXNativeTarget;
			buildConfigurationList = 4D34CB872C41BD430022EE05 /* Build configuration list for PBXNativeTarget "Chip8Interpreter" */;
			buildPhases = (
				4D34CB742C41BD400022EE05 /* Sources */,
				4D34CB752C41BD400022EE05 /* Frameworks */,
				4D34CB762C41BD400022EE05 /* Resources */,
			);
			buildRules = (
			);
			dependencies = (
			);
			name = Chip8Interpreter;
			productName = Chip8Interpreter;
			productReference = 4D34CB782C41BD400022EE05 /* Chip8Interpreter.app */;
			productType = "com.apple.product-type.application";
		};
/* End PBXNativeTarget section */

/* Begin PBXProject section */
		4D34CB702C41BD400022EE05 /* Project object */ = {
			isa = PBXProject;
			attributes = {
				BuildIndependentTargetsInParallel = 1;
				LastSwiftUpdateCheck = 1530;
				LastUpgradeCheck = 1530;
				TargetAttributes = {
					4D34CB772C41BD400022EE05 = {
						CreatedOnToolsVersion = 15.3;
					};
				};
			};
			buildConfigurationList = 4D34CB732C41BD400022EE05 /* Build configuration list for PBXProject "Chip8Interpreter" */;
			compatibilityVersion = "Xcode 14.0";
			developmentRegion = en;
			hasScannedForEncodings = 0;
			knownRegions = (
				en,
				Base,
			);
			mainGroup = 4D34CB6F2C41BD400022EE05;
			productRefGroup = 4D34CB792C41BD400022EE05 /* Products */;
			projectDirPath = "";
			projectRoot = "";
			targets = (
				4D34CB772C41BD400022EE05 /* Chip8Interpreter */,
			);
		};
/* End PBXProject section */

/* Begin PBXResourcesBuildPhase section */
		4D34CB762C41BD400022EE05 /* Resources */ = {
			isa = PBXResourcesBuildPhase;
			buildActionMask = 2147483647;
			files = (
				4D34CB802C41BD430022EE05 /* Assets.xcassets in Resources */,
				4D34CB832C41BD430022EE05 /* Base in Resources */,
			);
			runOnlyForDeploymentPostprocessing = 0;
		};
/* End PBXResourcesBuildPhase section */

/* Begin PBXSourcesBuildPhase section */
		4D34CB742C41BD400022EE05 /* Sources */ = {
			isa = PBXSourcesBuildPhase;
			buildActionMask = 2147483647;
			files = (
				4D34CB932C41BDEE0022EE05 /* DisplayView.swift in Sources */,
				4D34CB7C2C41BD400022EE05 /* AppDelegate.swift in Sources */,
				4D34CB952C41BE020022EE05 /* Chip8.swift in Sources */,
				4D34CB992C41C2660022EE05 /* Utilities.swift in Sources */,
				4D34CB8F2C41BDB60022EE05 /* MainViewController.swift in Sources */,
			);
			runOnlyForDeploymentPostprocessing = 0;
		};
/* End PBXSourcesBuildPhase section */

/* Begin PBXVariantGroup section */
		4D34CB812C41BD430022EE05 /* Main.storyboard */ = {
			isa = PBXVariantGroup;
			children = (
				4D34CB822C41BD430022EE05 /* Base */,
			);
			name = Main.storyboard;
			sourceTree = "<group>";
		};
/* End PBXVariantGroup section */

/* Begin XCBuildConfiguration section */
		4D34CB852C41BD430022EE05 /* Debug */ = {
			isa = XCBuildConfiguration;
			buildSettings = {
				ALWAYS_SEARCH_USER_PATHS = NO;
				ASSETCATALOG_COMPILER_GENERATE_SWIFT_ASSET_SYMBOL_EXTENSIONS = YES;
				CLANG_ANALYZER_NONNULL = YES;
				CLANG_ANALYZER_NUMBER_OBJECT_CONVERSION = YES_AGGRESSIVE;
				CLANG_CXX_LANGUAGE_STANDARD = "gnu++20";
				CLANG_ENABLE_MODULES = YES;
				CLANG_ENABLE_OBJC_ARC = YES;
				CLANG_ENABLE_OBJC_WEAK = YES;
				CLANG_WARN_BLOCK_CAPTURE_AUTORELEASING = YES;
				CLANG_WARN_BOOL_CONVERSION = YES;
				CLANG_WARN_COMMA = YES;
				CLANG_WARN_CONSTANT_CONVERSION = YES;
				CLANG_WARN_DEPRECATED_OBJC_IMPLEMENTATIONS = YES;
				CLANG_WARN_DIRECT_OBJC_ISA_USAGE = YES_ERROR;
				CLANG_WARN_DOCUMENTATION_COMMENTS = YES;
				CLANG_WARN_EMPTY_BODY = YES;
				CLANG_WARN_ENUM_CONVERSION = YES;
				CLANG_WARN_INFINITE_RECURSION = YES;
				CLANG_WARN_INT_CONVERSION = YES;
				CLANG_WARN_NON_LITERAL_NULL_CONVERSION = YES;
				CLANG_WARN_OBJC_IMPLICIT_RETAIN_SELF = YES;
				CLANG_WARN_OBJC_LITERAL_CONVERSION = YES;
				CLANG_WARN_OBJC_ROOT_CLASS = YES_ERROR;
				CLANG_WARN_QUOTED_INCLUDE_IN_FRAMEWORK_HEADER = YES;
				CLANG_WARN_RANGE_LOOP_ANALYSIS = YES;
				CLANG_WARN_STRICT_PROTOTYPES = YES;
				CLANG_WARN_SUSPICIOUS_MOVE = YES;
				CLANG_WARN_UNGUARDED_AVAILABILITY = YES_AGGRESSIVE;
				CLANG_WARN_UNREACHABLE_CODE = YES;
				CLANG_WARN__DUPLICATE_METHOD_MATCH = YES;
				COPY_PHASE_STRIP = NO;
				DEBUG_INFORMATION_FORMAT = dwarf;
				ENABLE_STRICT_OBJC_MSGSEND = YES;
				ENABLE_TESTABILITY = YES;
				ENABLE_USER_SCRIPT_SANDBOXING = YES;
				GCC_C_LANGUAGE_STANDARD = gnu17;
				GCC_DYNAMIC_NO_PIC = NO;
				GCC_NO_COMMON_BLOCKS = YES;
				GCC_OPTIMIZATION_LEVEL = 0;
				GCC_PREPROCESSOR_DEFINITIONS = (
					"DEBUG=1",
					"$(inherited)",
				);
				GCC_WARN_64_TO_32_BIT_CONVERSION = YES;
				GCC_WARN_ABOUT_RETURN_TYPE = YES_ERROR;
				GCC_WARN_UNDECLARED_SELECTOR = YES;
				GCC_WARN_UNINITIALIZED_AUTOS = YES_AGGRESSIVE;
				GCC_WARN_UNUSED_FUNCTION = YES;
				GCC_WARN_UNUSED_VARIABLE = YES;
				LOCALIZATION_PREFERS_STRING_CATALOGS = YES;
				MACOSX_DEPLOYMENT_TARGET = 14.4;
				MTL_ENABLE_DEBUG_INFO = INCLUDE_SOURCE;
				MTL_FAST_MATH = YES;
				ONLY_ACTIVE_ARCH = YES;
				SDKROOT = macosx;
				SWIFT_ACTIVE_COMPILATION_CONDITIONS = "DEBUG $(inherited)";
				SWIFT_OPTIMIZATION_LEVEL = "-Onone";
			};
			name = Debug;
		};
		4D34CB862C41BD430022EE05 /* Release */ = {
			isa = XCBuildConfiguration;
			buildSettings = {
				ALWAYS_SEARCH_USER_PATHS = NO;
				ASSETCATALOG_COMPILER_GENERATE_SWIFT_ASSET_SYMBOL_EXTENSIONS = YES;
				CLANG_ANALYZER_NONNULL = YES;
				CLANG_ANALYZER_NUMBER_OBJECT_CONVERSION = YES_AGGRESSIVE;
				CLANG_CXX_LANGUAGE_STANDARD = "gnu++20";
				CLANG_ENABLE_MODULES = YES;
				CLANG_ENABLE_OBJC_ARC = YES;
				CLANG_ENABLE_OBJC_WEAK = YES;
				CLANG_WARN_BLOCK_CAPTURE_AUTORELEASING = YES;
				CLANG_WARN_BOOL_CONVERSION = YES;
				CLANG_WARN_COMMA = YES;
				CLANG_WARN_CONSTANT_CONVERSION = YES;
				CLANG_WARN_DEPRECATED_OBJC_IMPLEMENTATIONS = YES;
				CLANG_WARN_DIRECT_OBJC_ISA_USAGE = YES_ERROR;
				CLANG_WARN_DOCUMENTATION_COMMENTS = YES;
				CLANG_WARN_EMPTY_BODY = YES;
				CLANG_WARN_ENUM_CONVERSION = YES;
				CLANG_WARN_INFINITE_RECURSION = YES;
				CLANG_WARN_INT_CONVERSION = YES;
				CLANG_WARN_NON_LITERAL_NULL_CONVERSION = YES;
				CLANG_WARN_OBJC_IMPLICIT_RETAIN_SELF = YES;
				CLANG_WARN_OBJC_LITERAL_CONVERSION = YES;
				CLANG_WARN_OBJC_ROOT_CLASS = YES_ERROR;
				CLANG_WARN_QUOTED_INCLUDE_IN_FRAMEWORK_HEADER = YES;
				CLANG_WARN_RANGE_LOOP_ANALYSIS = YES;
				CLANG_WARN_STRICT_PROTOTYPES = YES;
				CLANG_WARN_SUSPICIOUS_MOVE = YES;
				CLANG_WARN_UNGUARDED_AVAILABILITY = YES_AGGRESSIVE;
				CLANG_WARN_UNREACHABLE_CODE = YES;
				CLANG_WARN__DUPLICATE_METHOD_MATCH = YES;
				COPY_PHASE_STRIP = NO;
				DEBUG_INFORMATION_FORMAT = "dwarf-with-dsym";
				ENABLE_NS_ASSERTIONS = NO;
				ENABLE_STRICT_OBJC_MSGSEND = YES;
				ENABLE_USER_SCRIPT_SANDBOXING = YES;
				GCC_C_LANGUAGE_STANDARD = gnu17;
				GCC_NO_COMMON_BLOCKS = YES;
				GCC_WARN_64_TO_32_BIT_CONVERSION = YES;
				GCC_WARN_ABOUT_RETURN_TYPE = YES_ERROR;
				GCC_WARN_UNDECLARED_SELECTOR = YES;
				GCC_WARN_UNINITIALIZED_AUTOS = YES_AGGRESSIVE;
				GCC_WARN_UNUSED_FUNCTION = YES;
				GCC_WARN_UNUSED_VARIABLE = YES;
				LOCALIZATION_PREFERS_STRING_CATALOGS = YES;
				MACOSX_DEPLOYMENT_TARGET = 14.4;
				MTL_ENABLE_DEBUG_INFO = NO;
				MTL_FAST_MATH = YES;
				SDKROOT = macosx;
				SWIFT_COMPILATION_MODE = wholemodule;
			};
			name = Release;
		};
		4D34CB882C41BD430022EE05 /* Debug */ = {
			isa = XCBuildConfiguration;
			buildSettings = {
				ASSETCATALOG_COMPILER_APPICON_NAME = AppIcon;
				ASSETCATALOG_COMPILER_GLOBAL_ACCENT_COLOR_NAME = AccentColor;
				CODE_SIGN_ENTITLEMENTS = Chip8Interpreter/Chip8Interpreter.entitlements;
				"CODE_SIGN_IDENTITY[sdk=macosx*]" = "Mac Developer";
				CODE_SIGN_STYLE = Manual;
				COMBINE_HIDPI_IMAGES = YES;
				CURRENT_PROJECT_VERSION = 1;
				DEVELOPMENT_TEAM = "";
				"DEVELOPMENT_TEAM[sdk=macosx*]" = 39VM5L762G;
				ENABLE_HARDENED_RUNTIME = YES;
				GENERATE_INFOPLIST_FILE = YES;
				INFOPLIST_KEY_NSHumanReadableCopyright = "";
				INFOPLIST_KEY_NSMainStoryboardFile = Main;
				INFOPLIST_KEY_NSPrincipalClass = NSApplication;
				LD_RUNPATH_SEARCH_PATHS = (
					"$(inherited)",
					"@executable_path/../Frameworks",
				);
				MARKETING_VERSION = 1.0;
				PRODUCT_BUNDLE_IDENTIFIER = AsherMorse.Chip8Interpreter;
				PRODUCT_NAME = "$(TARGET_NAME)";
				PROVISIONING_PROFILE_SPECIFIER = "";
				SWIFT_EMIT_LOC_STRINGS = YES;
				SWIFT_VERSION = 5.0;
			};
			name = Debug;
		};
		4D34CB892C41BD430022EE05 /* Release */ = {
			isa = XCBuildConfiguration;
			buildSettings = {
				ASSETCATALOG_COMPILER_APPICON_NAME = AppIcon;
				ASSETCATALOG_COMPILER_GLOBAL_ACCENT_COLOR_NAME = AccentColor;
				CODE_SIGN_ENTITLEMENTS = Chip8Interpreter/Chip8Interpreter.entitlements;
				"CODE_SIGN_IDENTITY[sdk=macosx*]" = "Mac Developer";
				CODE_SIGN_STYLE = Manual;
				COMBINE_HIDPI_IMAGES = YES;
				CURRENT_PROJECT_VERSION = 1;
				DEVELOPMENT_TEAM = "";
				"DEVELOPMENT_TEAM[sdk=macosx*]" = 39VM5L762G;
				ENABLE_HARDENED_RUNTIME = YES;
				GENERATE_INFOPLIST_FILE = YES;
				INFOPLIST_KEY_NSHumanReadableCopyright = "";
				INFOPLIST_KEY_NSMainStoryboardFile = Main;
				INFOPLIST_KEY_NSPrincipalClass = NSApplication;
				LD_RUNPATH_SEARCH_PATHS = (
					"$(inherited)",
					"@executable_path/../Frameworks",
				);
				MARKETING_VERSION = 1.0;
				PRODUCT_BUNDLE_IDENTIFIER = AsherMorse.Chip8Interpreter;
				PRODUCT_NAME = "$(TARGET_NAME)";
				PROVISIONING_PROFILE_SPECIFIER = "";
				SWIFT_EMIT_LOC_STRINGS = YES;
				SWIFT_VERSION = 5.0;
			};
			name = Release;
		};
/* End XCBuildConfiguration section */

/* Begin XCConfigurationList section */
		4D34CB732C41BD400022EE05 /* Build configuration list for PBXProject "Chip8Interpreter" */ = {
			isa = XCConfigurationList;
			buildConfigurations = (
				4D34CB852C41BD430022EE05 /* Debug */,
				4D34CB862C41BD430022EE05 /* Release */,
			);
			defaultConfigurationIsVisible = 0;
			defaultConfigurationName = Release;
		};
		4D34CB872C41BD430022EE05 /* Build configuration list for PBXNativeTarget "Chip8Interpreter" */ = {
			isa = XCConfigurationList;
			buildConfigurations = (
				4D34CB882C41BD430022EE05 /* Debug */,
				4D34CB892C41BD430022EE05 /* Release */,
			);
			defaultConfigurationIsVisible = 0;
			defaultConfigurationName = Release;
		};
/* End XCConfigurationList section */
	};
	rootObject = 4D34CB702C41BD400022EE05 /* Project object */;
}
